<?xml version="1.0" encoding="utf-8"?>
<Project ToolsVersion="4.0" xmlns="http://schemas.microsoft.com/developer/msbuild/2003">
  <ItemGroup>
    <Filter Include="src">
      <UniqueIdentifier>{d76ac6a5-efa4-4b76-9ca3-63ded6be7c2d}</UniqueIdentifier>
    </Filter>
    <Filter Include="src\win">
      <UniqueIdentifier>{cb11ae99-58dc-4ac6-8fa5-ccb59c3d70be}</UniqueIdentifier>
    </Filter>
  </ItemGroup>
  <ItemGroup>
    <ClCompile Include="src\win\main.cc">
      <Filter>src\win</Filter>
    </ClCompile>
  </ItemGroup>
</Project>