
Microsoft Visual Studio Solution File, Format Version 12.00
# Visual Studio 14
VisualStudioVersion = 14.0.25420.1
MinimumVisualStudioVersion = 10.0.40219.1
Project("{8BC9CEB8-8B4A-11D0-8D11-00A0C91BC942}") = "CryptApp", "src\CryptApp\CryptApp.vcxproj", "{9A832112-C741-4FA3-B9AC-2CA36260C1C1}"
EndProject
Project("{8BC9CEB8-8B4A-11D0-8D11-00A0C91BC942}") = "crypt", "src\crypt\crypt.vcxproj", "{D6EF7581-74EB-440F-8995-5474174DC7E3}"
EndProject
Project("{8BC9CEB8-8B4A-11D0-8D11-00A0C91BC942}") = "compressor", "src\compressor\compressor.vcxproj", "{EF259148-D275-4AAB-AF89-92CF8343761B}"
EndProject
Project("{8BC9CEB8-8B4A-11D0-8D11-00A0C91BC942}") = "base", "src\base\base.vcxproj", "{8533FBE5-D7CE-4608-B20D-3B179D3E6263}"
EndProject
Project("{8BC9CEB8-8B4A-11D0-8D11-00A0C91BC942}") = "Lz77Ext", "src\Lz77Ext\Lz77Ext.vcxproj", "{3633D7C4-C312-47E6-8CAD-D1E360E93F4B}"
EndProject
Project("{8BC9CEB8-8B4A-11D0-8D11-00A0C91BC942}") = "Lz77Lang", "src\Lz77Lang\Lz77Lang.vcxproj", "{CCBB2B20-33B6-4F97-B09E-BAE53C1E6982}"
EndProject
Project("{8BC9CEB8-8B4A-11D0-8D11-00A0C91BC942}") = "Lz77InvokeCmd", "src\Lz77InvokeCmd\Lz77InvokeCmd.vcxproj", "{55BB5481-D7E7-48BF-B99B-479BE6B60CB4}"
EndProject
Project("{8BC9CEB8-8B4A-11D0-8D11-00A0C91BC942}") = "libmikmod", "src\third_party\mikmod\libmikmod\win32\VS2005\libmikmod.vcxproj", "{C118ACA9-74E7-4433-8433-452B33A77716}"
EndProject
Project("{2150E333-8FDC-42A3-9474-1A3956D46DE8}") = "third_party", "third_party", "{9BEB8523-31D9-4769-9E0D-71A01F13BA17}"
EndProject
Project("{2150E333-8FDC-42A3-9474-1A3956D46DE8}") = "Lz77DevTool", "Lz77DevTool", "{EF0D72DD-1A34-48F1-A808-5F62C52AB6E4}"
EndProject
Project("{2150E333-8FDC-42A3-9474-1A3956D46DE8}") = "Lz77", "Lz77", "{332F52C6-875B-4206-9BF9-757B8B64A9FC}"
EndProject
Project("{8BC9CEB8-8B4A-11D0-8D11-00A0C91BC942}") = "Lz77RegTestCOM", "src\Lz77RegTestCOM\Lz77RegTestCOM.vcxproj", "{0290C601-181F-4B1F-A4FF-4591E9B554C3}"
EndProject
Project("{8BC9CEB8-8B4A-11D0-8D11-00A0C91BC942}") = "Lz77ConvFile", "src\Lz77ConvFile\Lz77ConvFile.vcxproj", "{D8C72B7C-56A9-436C-8A56-DA18EF69349F}"
EndProject
Project("{2150E333-8FDC-42A3-9474-1A3956D46DE8}") = "Lz77Setup", "Lz77Setup", "{AD81C9B9-11FC-4B2F-B0CB-57795CD67CA6}"
EndProject
Project("{8BC9CEB8-8B4A-11D0-8D11-00A0C91BC942}") = "Installer", "src\Installer\Installer.vcxproj", "{117D6D42-9A7A-4A01-BEB7-AAEA116D2415}"
EndProject
Project("{8BC9CEB8-8B4A-11D0-8D11-00A0C91BC942}") = "gtest", "src\third_party\googletest\googletest\msvc\2010\gtest.vcxproj", "{C8F6C172-56F2-4E76-B5FA-C3B423B31BE7}"
EndProject
Project("{8BC9CEB8-8B4A-11D0-8D11-00A0C91BC942}") = "ckfilesystem", "src\third_party\ckfilesystem\src\windows\ckfilesystem_vc10.vcxproj", "{C061FC30-E1F6-4542-B60E-CD245A7A3324}"
EndProject
Project("{8BC9CEB8-8B4A-11D0-8D11-00A0C91BC942}") = "ckcore_vc10", "src\third_party\ckcore\src\windows\ckcore_vc10.vcxproj", "{8C6E3FA3-12FB-4C9C-8E7F-43C0E19C78CD}"
EndProject
Global
	GlobalSection(SolutionConfigurationPlatforms) = preSolution
		Debug|x64 = Debug|x64
		Debug|x86 = Debug|x86
		Release|x64 = Release|x64
		Release|x86 = Release|x86
	EndGlobalSection
	GlobalSection(ProjectConfigurationPlatforms) = postSolution
		{9A832112-C741-4FA3-B9AC-2CA36260C1C1}.Debug|x64.ActiveCfg = Debug|x64
		{9A832112-C741-4FA3-B9AC-2CA36260C1C1}.Debug|x64.Build.0 = Debug|x64
		{9A832112-C741-4FA3-B9AC-2CA36260C1C1}.Debug|x86.ActiveCfg = Debug|Win32
		{9A832112-C741-4FA3-B9AC-2CA36260C1C1}.Debug|x86.Build.0 = Debug|Win32
		{9A832112-C741-4FA3-B9AC-2CA36260C1C1}.Release|x64.ActiveCfg = Release|x64
		{9A832112-C741-4FA3-B9AC-2CA36260C1C1}.Release|x64.Build.0 = Release|x64
		{9A832112-C741-4FA3-B9AC-2CA36260C1C1}.Release|x86.ActiveCfg = Release|Win32
		{9A832112-C741-4FA3-B9AC-2CA36260C1C1}.Release|x86.Build.0 = Release|Win32
		{D6EF7581-74EB-440F-8995-5474174DC7E3}.Debug|x64.ActiveCfg = Debug|x64
		{D6EF7581-74EB-440F-8995-5474174DC7E3}.Debug|x64.Build.0 = Debug|x64
		{D6EF7581-74EB-440F-8995-5474174DC7E3}.Debug|x86.ActiveCfg = Debug|Win32
		{D6EF7581-74EB-440F-8995-5474174DC7E3}.Debug|x86.Build.0 = Debug|Win32
		{D6EF7581-74EB-440F-8995-5474174DC7E3}.Release|x64.ActiveCfg = Release|x64
		{D6EF7581-74EB-440F-8995-5474174DC7E3}.Release|x64.Build.0 = Release|x64
		{D6EF7581-74EB-440F-8995-5474174DC7E3}.Release|x64.Deploy.0 = Release|x64
		{D6EF7581-74EB-440F-8995-5474174DC7E3}.Release|x86.ActiveCfg = Release|Win32
		{D6EF7581-74EB-440F-8995-5474174DC7E3}.Release|x86.Build.0 = Release|Win32
		{EF259148-D275-4AAB-AF89-92CF8343761B}.Debug|x64.ActiveCfg = Debug|x64
		{EF259148-D275-4AAB-AF89-92CF8343761B}.Debug|x64.Build.0 = Debug|x64
		{EF259148-D275-4AAB-AF89-92CF8343761B}.Debug|x86.ActiveCfg = Debug|Win32
		{EF259148-D275-4AAB-AF89-92CF8343761B}.Debug|x86.Build.0 = Debug|Win32
		{EF259148-D275-4AAB-AF89-92CF8343761B}.Release|x64.ActiveCfg = Release|x64
		{EF259148-D275-4AAB-AF89-92CF8343761B}.Release|x64.Build.0 = Release|x64
		{EF259148-D275-4AAB-AF89-92CF8343761B}.Release|x86.ActiveCfg = Release|Win32
		{EF259148-D275-4AAB-AF89-92CF8343761B}.Release|x86.Build.0 = Release|Win32
		{8533FBE5-D7CE-4608-B20D-3B179D3E6263}.Debug|x64.ActiveCfg = Debug|x64
		{8533FBE5-D7CE-4608-B20D-3B179D3E6263}.Debug|x64.Build.0 = Debug|x64
		{8533FBE5-D7CE-4608-B20D-3B179D3E6263}.Debug|x86.ActiveCfg = Debug|Win32
		{8533FBE5-D7CE-4608-B20D-3B179D3E6263}.Debug|x86.Build.0 = Debug|Win32
		{8533FBE5-D7CE-4608-B20D-3B179D3E6263}.Release|x64.ActiveCfg = Release|x64
		{8533FBE5-D7CE-4608-B20D-3B179D3E6263}.Release|x64.Build.0 = Release|x64
		{8533FBE5-D7CE-4608-B20D-3B179D3E6263}.Release|x86.ActiveCfg = Release|Win32
		{8533FBE5-D7CE-4608-B20D-3B179D3E6263}.Release|x86.Build.0 = Release|Win32
		{3633D7C4-C312-47E6-8CAD-D1E360E93F4B}.Debug|x64.ActiveCfg = Debug|x64
		{3633D7C4-C312-47E6-8CAD-D1E360E93F4B}.Debug|x64.Build.0 = Debug|x64
		{3633D7C4-C312-47E6-8CAD-D1E360E93F4B}.Debug|x86.ActiveCfg = Debug|Win32
		{3633D7C4-C312-47E6-8CAD-D1E360E93F4B}.Debug|x86.Build.0 = Debug|Win32
		{3633D7C4-C312-47E6-8CAD-D1E360E93F4B}.Release|x64.ActiveCfg = Release|x64
		{3633D7C4-C312-47E6-8CAD-D1E360E93F4B}.Release|x64.Build.0 = Release|x64
		{3633D7C4-C312-47E6-8CAD-D1E360E93F4B}.Release|x64.Deploy.0 = Release|x64
		{3633D7C4-C312-47E6-8CAD-D1E360E93F4B}.Release|x86.ActiveCfg = Release|Win32
		{3633D7C4-C312-47E6-8CAD-D1E360E93F4B}.Release|x86.Build.0 = Release|Win32
		{CCBB2B20-33B6-4F97-B09E-BAE53C1E6982}.Debug|x64.ActiveCfg = Debug|x64
		{CCBB2B20-33B6-4F97-B09E-BAE53C1E6982}.Debug|x64.Build.0 = Debug|x64
		{CCBB2B20-33B6-4F97-B09E-BAE53C1E6982}.Debug|x86.ActiveCfg = Debug|Win32
		{CCBB2B20-33B6-4F97-B09E-BAE53C1E6982}.Debug|x86.Build.0 = Debug|Win32
		{CCBB2B20-33B6-4F97-B09E-BAE53C1E6982}.Release|x64.ActiveCfg = Release|x64
		{CCBB2B20-33B6-4F97-B09E-BAE53C1E6982}.Release|x64.Build.0 = Release|x64
		{CCBB2B20-33B6-4F97-B09E-BAE53C1E6982}.Release|x86.ActiveCfg = Release|Win32
		{CCBB2B20-33B6-4F97-B09E-BAE53C1E6982}.Release|x86.Build.0 = Release|Win32
		{55BB5481-D7E7-48BF-B99B-479BE6B60CB4}.Debug|x64.ActiveCfg = Debug|x64
		{55BB5481-D7E7-48BF-B99B-479BE6B60CB4}.Debug|x64.Build.0 = Debug|x64
		{55BB5481-D7E7-48BF-B99B-479BE6B60CB4}.Debug|x86.ActiveCfg = Debug|Win32
		{55BB5481-D7E7-48BF-B99B-479BE6B60CB4}.Debug|x86.Build.0 = Debug|Win32
		{55BB5481-D7E7-48BF-B99B-479BE6B60CB4}.Release|x64.ActiveCfg = Release|x64
		{55BB5481-D7E7-48BF-B99B-479BE6B60CB4}.Release|x64.Build.0 = Release|x64
		{55BB5481-D7E7-48BF-B99B-479BE6B60CB4}.Release|x86.ActiveCfg = Release|Win32
		{55BB5481-D7E7-48BF-B99B-479BE6B60CB4}.Release|x86.Build.0 = Release|Win32
		{C118ACA9-74E7-4433-8433-452B33A77716}.Debug|x64.ActiveCfg = Debug|x64
		{C118ACA9-74E7-4433-8433-452B33A77716}.Debug|x64.Build.0 = Debug|x64
		{C118ACA9-74E7-4433-8433-452B33A77716}.Debug|x86.ActiveCfg = Debug|Win32
		{C118ACA9-74E7-4433-8433-452B33A77716}.Debug|x86.Build.0 = Debug|Win32
		{C118ACA9-74E7-4433-8433-452B33A77716}.Release|x64.ActiveCfg = Release|x64
		{C118ACA9-74E7-4433-8433-452B33A77716}.Release|x64.Build.0 = Release|x64
		{C118ACA9-74E7-4433-8433-452B33A77716}.Release|x86.ActiveCfg = Release|Win32
		{C118ACA9-74E7-4433-8433-452B33A77716}.Release|x86.Build.0 = Release|Win32
		{0290C601-181F-4B1F-A4FF-4591E9B554C3}.Debug|x64.ActiveCfg = Debug|x64
		{0290C601-181F-4B1F-A4FF-4591E9B554C3}.Debug|x64.Build.0 = Debug|x64
		{0290C601-181F-4B1F-A4FF-4591E9B554C3}.Debug|x86.ActiveCfg = Debug|Win32
		{0290C601-181F-4B1F-A4FF-4591E9B554C3}.Debug|x86.Build.0 = Debug|Win32
		{0290C601-181F-4B1F-A4FF-4591E9B554C3}.Release|x64.ActiveCfg = Release|x64
		{0290C601-181F-4B1F-A4FF-4591E9B554C3}.Release|x64.Build.0 = Release|x64
		{0290C601-181F-4B1F-A4FF-4591E9B554C3}.Release|x86.ActiveCfg = Release|Win32
		{0290C601-181F-4B1F-A4FF-4591E9B554C3}.Release|x86.Build.0 = Release|Win32
		{D8C72B7C-56A9-436C-8A56-DA18EF69349F}.Debug|x64.ActiveCfg = Debug|x64
		{D8C72B7C-56A9-436C-8A56-DA18EF69349F}.Debug|x64.Build.0 = Debug|x64
		{D8C72B7C-56A9-436C-8A56-DA18EF69349F}.Debug|x86.ActiveCfg = Debug|Win32
		{D8C72B7C-56A9-436C-8A56-DA18EF69349F}.Debug|x86.Build.0 = Debug|Win32
		{D8C72B7C-56A9-436C-8A56-DA18EF69349F}.Release|x64.ActiveCfg = Release|x64
		{D8C72B7C-56A9-436C-8A56-DA18EF69349F}.Release|x64.Build.0 = Release|x64
		{D8C72B7C-56A9-436C-8A56-DA18EF69349F}.Release|x86.ActiveCfg = Release|Win32
		{D8C72B7C-56A9-436C-8A56-DA18EF69349F}.Release|x86.Build.0 = Release|Win32
		{117D6D42-9A7A-4A01-BEB7-AAEA116D2415}.Debug|x64.ActiveCfg = Debug|x64
		{117D6D42-9A7A-4A01-BEB7-AAEA116D2415}.Debug|x64.Build.0 = Debug|x64
		{117D6D42-9A7A-4A01-BEB7-AAEA116D2415}.Debug|x86.ActiveCfg = Debug|Win32
		{117D6D42-9A7A-4A01-BEB7-AAEA116D2415}.Debug|x86.Build.0 = Debug|Win32
		{117D6D42-9A7A-4A01-BEB7-AAEA116D2415}.Release|x64.ActiveCfg = Release|x64
		{117D6D42-9A7A-4A01-BEB7-AAEA116D2415}.Release|x64.Build.0 = Release|x64
		{117D6D42-9A7A-4A01-BEB7-AAEA116D2415}.Release|x64.Deploy.0 = Release|x64
		{117D6D42-9A7A-4A01-BEB7-AAEA116D2415}.Release|x86.ActiveCfg = Release|Win32
		{117D6D42-9A7A-4A01-BEB7-AAEA116D2415}.Release|x86.Build.0 = Release|Win32
		{C8F6C172-56F2-4E76-B5FA-C3B423B31BE7}.Debug|x64.ActiveCfg = Debug|x64
		{C8F6C172-56F2-4E76-B5FA-C3B423B31BE7}.Debug|x64.Build.0 = Debug|x64
		{C8F6C172-56F2-4E76-B5FA-C3B423B31BE7}.Debug|x86.ActiveCfg = Debug|Win32
		{C8F6C172-56F2-4E76-B5FA-C3B423B31BE7}.Debug|x86.Build.0 = Debug|Win32
		{C8F6C172-56F2-4E76-B5FA-C3B423B31BE7}.Release|x64.ActiveCfg = Release|x64
		{C8F6C172-56F2-4E76-B5FA-C3B423B31BE7}.Release|x64.Build.0 = Release|x64
		{C8F6C172-56F2-4E76-B5FA-C3B423B31BE7}.Release|x86.ActiveCfg = Release|Win32
		{C8F6C172-56F2-4E76-B5FA-C3B423B31BE7}.Release|x86.Build.0 = Release|Win32
		{C061FC30-E1F6-4542-B60E-CD245A7A3324}.Debug|x64.ActiveCfg = Debug|x64
		{C061FC30-E1F6-4542-B60E-CD245A7A3324}.Debug|x86.ActiveCfg = Debug|Win32
		{C061FC30-E1F6-4542-B60E-CD245A7A3324}.Release|x64.ActiveCfg = Release|x64
		{C061FC30-E1F6-4542-B60E-CD245A7A3324}.Release|x86.ActiveCfg = Release|Win32
		{8C6E3FA3-12FB-4C9C-8E7F-43C0E19C78CD}.Debug|x64.ActiveCfg = Debug|x64
		{8C6E3FA3-12FB-4C9C-8E7F-43C0E19C78CD}.Debug|x86.ActiveCfg = Debug|Win32
		{8C6E3FA3-12FB-4C9C-8E7F-43C0E19C78CD}.Release|x64.ActiveCfg = Release|x64
		{8C6E3FA3-12FB-4C9C-8E7F-43C0E19C78CD}.Release|x86.ActiveCfg = Release|Win32
	EndGlobalSection
	GlobalSection(SolutionProperties) = preSolution
		HideSolutionNode = FALSE
	EndGlobalSection
	GlobalSection(NestedProjects) = preSolution
		{9A832112-C741-4FA3-B9AC-2CA36260C1C1} = {EF0D72DD-1A34-48F1-A808-5F62C52AB6E4}
		{D6EF7581-74EB-440F-8995-5474174DC7E3} = {332F52C6-875B-4206-9BF9-757B8B64A9FC}
		{EF259148-D275-4AAB-AF89-92CF8343761B} = {332F52C6-875B-4206-9BF9-757B8B64A9FC}
		{8533FBE5-D7CE-4608-B20D-3B179D3E6263} = {332F52C6-875B-4206-9BF9-757B8B64A9FC}
		{3633D7C4-C312-47E6-8CAD-D1E360E93F4B} = {332F52C6-875B-4206-9BF9-757B8B64A9FC}
		{CCBB2B20-33B6-4F97-B09E-BAE53C1E6982} = {332F52C6-875B-4206-9BF9-757B8B64A9FC}
		{55BB5481-D7E7-48BF-B99B-479BE6B60CB4} = {332F52C6-875B-4206-9BF9-757B8B64A9FC}
		{C118ACA9-74E7-4433-8433-452B33A77716} = {9BEB8523-31D9-4769-9E0D-71A01F13BA17}
		{0290C601-181F-4B1F-A4FF-4591E9B554C3} = {EF0D72DD-1A34-48F1-A808-5F62C52AB6E4}
		{D8C72B7C-56A9-436C-8A56-DA18EF69349F} = {EF0D72DD-1A34-48F1-A808-5F62C52AB6E4}
		{117D6D42-9A7A-4A01-BEB7-AAEA116D2415} = {AD81C9B9-11FC-4B2F-B0CB-57795CD67CA6}
		{C8F6C172-56F2-4E76-B5FA-C3B423B31BE7} = {9BEB8523-31D9-4769-9E0D-71A01F13BA17}
		{C061FC30-E1F6-4542-B60E-CD245A7A3324} = {9BEB8523-31D9-4769-9E0D-71A01F13BA17}
		{8C6E3FA3-12FB-4C9C-8E7F-43C0E19C78CD} = {9BEB8523-31D9-4769-9E0D-71A01F13BA17}
	EndGlobalSection
EndGlobal
